// !$*UTF8*$!
{
	archiveVersion = 1;
	classes = {
	};
	objectVersion = 46;
	objects = {

/* Begin PBXBuildFile section */
		01B0F2151E56E3840081B237 /* AppDelegate.swift in Sources */ = {isa = PBXBuildFile; fileRef = 01B0F2141E56E3840081B237 /* AppDelegate.swift */; };
		01B0F2171E56E3840081B237 /* ViewController.swift in Sources */ = {isa = PBXBuildFile; fileRef = 01B0F2161E56E3840081B237 /* ViewController.swift */; };
		01B0F21A1E56E3840081B237 /* Main.storyboard in Resources */ = {isa = PBXBuildFile; fileRef = 01B0F2181E56E3840081B237 /* Main.storyboard */; };
		01B0F21D1E56E3840081B237 /* Prodigal.xcdatamodeld in Sources */ = {isa = PBXBuildFile; fileRef = 01B0F21B1E56E3840081B237 /* Prodigal.xcdatamodeld */; };
		01B0F21F1E56E3840081B237 /* Assets.xcassets in Resources */ = {isa = PBXBuildFile; fileRef = 01B0F21E1E56E3840081B237 /* Assets.xcassets */; };
		01B0F2221E56E3840081B237 /* LaunchScreen.storyboard in Resources */ = {isa = PBXBuildFile; fileRef = 01B0F2201E56E3840081B237 /* LaunchScreen.storyboard */; };
		01B0F22A1E56EFE80081B237 /* WheelView.swift in Sources */ = {isa = PBXBuildFile; fileRef = 01B0F2291E56EFE80081B237 /* WheelView.swift */; };
		01B0F22C1E56F0240081B237 /* WheelRecognizer.swift in Sources */ = {isa = PBXBuildFile; fileRef = 01B0F22B1E56F0240081B237 /* WheelRecognizer.swift */; };
		01B0F2321E56F7140081B237 /* AudioToolbox.framework in Frameworks */ = {isa = PBXBuildFile; fileRef = 01B0F22D1E56F7140081B237 /* AudioToolbox.framework */; };
		01B0F2331E56F7140081B237 /* AVFoundation.framework in Frameworks */ = {isa = PBXBuildFile; fileRef = 01B0F22E1E56F7140081B237 /* AVFoundation.framework */; };
		01B0F2341E56F7140081B237 /* MediaAccessibility.framework in Frameworks */ = {isa = PBXBuildFile; fileRef = 01B0F22F1E56F7140081B237 /* MediaAccessibility.framework */; };
		01B0F2351E56F7140081B237 /* MediaPlayer.framework in Frameworks */ = {isa = PBXBuildFile; fileRef = 01B0F2301E56F7140081B237 /* MediaPlayer.framework */; };
		01B0F2361E56F7140081B237 /* MediaToolbox.framework in Frameworks */ = {isa = PBXBuildFile; fileRef = 01B0F2311E56F7140081B237 /* MediaToolbox.framework */; };
		35570E087BF9195A91302EFD /* Pods_Prodigal.framework in Frameworks */ = {isa = PBXBuildFile; fileRef = 09AE8643FAB11221327F290B /* Pods_Prodigal.framework */; };
/* End PBXBuildFile section */

/* Begin PBXFileReference section */
		01B0F2111E56E3840081B237 /* Prodigal.app */ = {isa = PBXFileReference; explicitFileType = wrapper.application; includeInIndex = 0; path = Prodigal.app; sourceTree = BUILT_PRODUCTS_DIR; };
		01B0F2141E56E3840081B237 /* AppDelegate.swift */ = {isa = PBXFileReference; lastKnownFileType = sourcecode.swift; path = AppDelegate.swift; sourceTree = "<group>"; };
		01B0F2161E56E3840081B237 /* ViewController.swift */ = {isa = PBXFileReference; lastKnownFileType = sourcecode.swift; path = ViewController.swift; sourceTree = "<group>"; };
		01B0F2191E56E3840081B237 /* Base */ = {isa = PBXFileReference; lastKnownFileType = file.storyboard; name = Base; path = Base.lproj/Main.storyboard; sourceTree = "<group>"; };
		01B0F21C1E56E3840081B237 /* Prodigal.xcdatamodel */ = {isa = PBXFileReference; lastKnownFileType = wrapper.xcdatamodel; path = Prodigal.xcdatamodel; sourceTree = "<group>"; };
		01B0F21E1E56E3840081B237 /* Assets.xcassets */ = {isa = PBXFileReference; lastKnownFileType = folder.assetcatalog; path = Assets.xcassets; sourceTree = "<group>"; };
		01B0F2211E56E3840081B237 /* Base */ = {isa = PBXFileReference; lastKnownFileType = file.storyboard; name = Base; path = Base.lproj/LaunchScreen.storyboard; sourceTree = "<group>"; };
		01B0F2231E56E3840081B237 /* Info.plist */ = {isa = PBXFileReference; lastKnownFileType = text.plist.xml; path = Info.plist; sourceTree = "<group>"; };
		01B0F2291E56EFE80081B237 /* WheelView.swift */ = {isa = PBXFileReference; fileEncoding = 4; lastKnownFileType = sourcecode.swift; name = WheelView.swift; path = Views/WheelView.swift; sourceTree = "<group>"; };
		01B0F22B1E56F0240081B237 /* WheelRecognizer.swift */ = {isa = PBXFileReference; fileEncoding = 4; lastKnownFileType = sourcecode.swift; name = WheelRecognizer.swift; path = Gestures/WheelRecognizer.swift; sourceTree = "<group>"; };
		01B0F22D1E56F7140081B237 /* AudioToolbox.framework */ = {isa = PBXFileReference; lastKnownFileType = wrapper.framework; name = AudioToolbox.framework; path = System/Library/Frameworks/AudioToolbox.framework; sourceTree = SDKROOT; };
		01B0F22E1E56F7140081B237 /* AVFoundation.framework */ = {isa = PBXFileReference; lastKnownFileType = wrapper.framework; name = AVFoundation.framework; path = System/Library/Frameworks/AVFoundation.framework; sourceTree = SDKROOT; };
		01B0F22F1E56F7140081B237 /* MediaAccessibility.framework */ = {isa = PBXFileReference; lastKnownFileType = wrapper.framework; name = MediaAccessibility.framework; path = System/Library/Frameworks/MediaAccessibility.framework; sourceTree = SDKROOT; };
		01B0F2301E56F7140081B237 /* MediaPlayer.framework */ = {isa = PBXFileReference; lastKnownFileType = wrapper.framework; name = MediaPlayer.framework; path = System/Library/Frameworks/MediaPlayer.framework; sourceTree = SDKROOT; };
		01B0F2311E56F7140081B237 /* MediaToolbox.framework */ = {isa = PBXFileReference; lastKnownFileType = wrapper.framework; name = MediaToolbox.framework; path = System/Library/Frameworks/MediaToolbox.framework; sourceTree = SDKROOT; };
		09AE8643FAB11221327F290B /* Pods_Prodigal.framework */ = {isa = PBXFileReference; explicitFileType = wrapper.framework; includeInIndex = 0; path = Pods_Prodigal.framework; sourceTree = BUILT_PRODUCTS_DIR; };
		44DF25B542E00CA8714ADCAA /* Pods-Prodigal.debug.xcconfig */ = {isa = PBXFileReference; includeInIndex = 1; lastKnownFileType = text.xcconfig; name = "Pods-Prodigal.debug.xcconfig"; path = "../Pods/Target Support Files/Pods-Prodigal/Pods-Prodigal.debug.xcconfig"; sourceTree = "<group>"; };
		85143C72199005B173785D1A /* Pods-Prodigal.release.xcconfig */ = {isa = PBXFileReference; includeInIndex = 1; lastKnownFileType = text.xcconfig; name = "Pods-Prodigal.release.xcconfig"; path = "../Pods/Target Support Files/Pods-Prodigal/Pods-Prodigal.release.xcconfig"; sourceTree = "<group>"; };
/* End PBXFileReference section */

/* Begin PBXFrameworksBuildPhase section */
		01B0F20E1E56E3840081B237 /* Frameworks */ = {
			isa = PBXFrameworksBuildPhase;
			buildActionMask = 2147483647;
			files = (
				01B0F2321E56F7140081B237 /* AudioToolbox.framework in Frameworks */,
				01B0F2331E56F7140081B237 /* AVFoundation.framework in Frameworks */,
				01B0F2341E56F7140081B237 /* MediaAccessibility.framework in Frameworks */,
				01B0F2351E56F7140081B237 /* MediaPlayer.framework in Frameworks */,
				01B0F2361E56F7140081B237 /* MediaToolbox.framework in Frameworks */,
				35570E087BF9195A91302EFD /* Pods_Prodigal.framework in Frameworks */,
			);
			runOnlyForDeploymentPostprocessing = 0;
		};
/* End PBXFrameworksBuildPhase section */

/* Begin PBXGroup section */
		01B0F2081E56E3840081B237 = {
			isa = PBXGroup;
			children = (
				01B0F2131E56E3840081B237 /* Prodigal */,
				01B0F2121E56E3840081B237 /* Products */,
				6AD679580D4F09BC350D84F4 /* Pods */,
				661FEAC269A9EED3691CCC7B /* Frameworks */,
			);
			sourceTree = "<group>";
		};
		01B0F2121E56E3840081B237 /* Products */ = {
			isa = PBXGroup;
			children = (
				01B0F2111E56E3840081B237 /* Prodigal.app */,
			);
			name = Products;
			sourceTree = "<group>";
		};
		01B0F2131E56E3840081B237 /* Prodigal */ = {
			isa = PBXGroup;
			children = (
				01B0F2141E56E3840081B237 /* AppDelegate.swift */,
				01B0F2161E56E3840081B237 /* ViewController.swift */,
				01B0F2181E56E3840081B237 /* Main.storyboard */,
				01B0F21E1E56E3840081B237 /* Assets.xcassets */,
				01B0F2201E56E3840081B237 /* LaunchScreen.storyboard */,
				01B0F2231E56E3840081B237 /* Info.plist */,
				01B0F21B1E56E3840081B237 /* Prodigal.xcdatamodeld */,
				01B0F2291E56EFE80081B237 /* WheelView.swift */,
				01B0F22B1E56F0240081B237 /* WheelRecognizer.swift */,
			);
			path = Prodigal;
			sourceTree = "<group>";
		};
		661FEAC269A9EED3691CCC7B /* Frameworks */ = {
			isa = PBXGroup;
			children = (
				01B0F22D1E56F7140081B237 /* AudioToolbox.framework */,
				01B0F22E1E56F7140081B237 /* AVFoundation.framework */,
				01B0F22F1E56F7140081B237 /* MediaAccessibility.framework */,
				01B0F2301E56F7140081B237 /* MediaPlayer.framework */,
				01B0F2311E56F7140081B237 /* MediaToolbox.framework */,
				09AE8643FAB11221327F290B /* Pods_Prodigal.framework */,
			);
			name = Frameworks;
			sourceTree = "<group>";
		};
		6AD679580D4F09BC350D84F4 /* Pods */ = {
			isa = PBXGroup;
			children = (
				44DF25B542E00CA8714ADCAA /* Pods-Prodigal.debug.xcconfig */,
				85143C72199005B173785D1A /* Pods-Prodigal.release.xcconfig */,
			);
			name = Pods;
			sourceTree = "<group>";
		};
/* End PBXGroup section */

/* Begin PBXNativeTarget section */
		01B0F2101E56E3840081B237 /* Prodigal */ = {
			isa = PBXNativeTarget;
			buildConfigurationList = 01B0F2261E56E3840081B237 /* Build configuration list for PBXNativeTarget "Prodigal" */;
			buildPhases = (
				68BBF80DBCB2C06C23487EB8 /* [CP] Check Pods Manifest.lock */,
				01B0F20D1E56E3840081B237 /* Sources */,
				01B0F20E1E56E3840081B237 /* Frameworks */,
				01B0F20F1E56E3840081B237 /* Resources */,
				7B61B19D00B45FFB8132F15F /* [CP] Embed Pods Frameworks */,
				F0E31037DF5FEE898148D6CE /* [CP] Copy Pods Resources */,
			);
			buildRules = (
			);
			dependencies = (
			);
			name = Prodigal;
			productName = Prodigal;
			productReference = 01B0F2111E56E3840081B237 /* Prodigal.app */;
			productType = "com.apple.product-type.application";
		};
/* End PBXNativeTarget section */

/* Begin PBXProject section */
		01B0F2091E56E3840081B237 /* Project object */ = {
			isa = PBXProject;
			attributes = {
				LastSwiftUpdateCheck = 0820;
				LastUpgradeCheck = 0820;
				ORGANIZATIONNAME = bob.sun;
				TargetAttributes = {
					01B0F2101E56E3840081B237 = {
						CreatedOnToolsVersion = 8.2;
						DevelopmentTeam = UMW2HP56AU;
						ProvisioningStyle = Automatic;
					};
				};
			};
			buildConfigurationList = 01B0F20C1E56E3840081B237 /* Build configuration list for PBXProject "Prodigal" */;
			compatibilityVersion = "Xcode 3.2";
			developmentRegion = English;
			hasScannedForEncodings = 0;
			knownRegions = (
				en,
				Base,
			);
			mainGroup = 01B0F2081E56E3840081B237;
			productRefGroup = 01B0F2121E56E3840081B237 /* Products */;
			projectDirPath = "";
			projectRoot = "";
			targets = (
				01B0F2101E56E3840081B237 /* Prodigal */,
			);
		};
/* End PBXProject section */

/* Begin PBXResourcesBuildPhase section */
		01B0F20F1E56E3840081B237 /* Resources */ = {
			isa = PBXResourcesBuildPhase;
			buildActionMask = 2147483647;
			files = (
				01B0F2221E56E3840081B237 /* LaunchScreen.storyboard in Resources */,
				01B0F21F1E56E3840081B237 /* Assets.xcassets in Resources */,
				01B0F21A1E56E3840081B237 /* Main.storyboard in Resources */,
			);
			runOnlyForDeploymentPostprocessing = 0;
		};
/* End PBXResourcesBuildPhase section */

/* Begin PBXShellScriptBuildPhase section */
		68BBF80DBCB2C06C23487EB8 /* [CP] Check Pods Manifest.lock */ = {
			isa = PBXShellScriptBuildPhase;
			buildActionMask = 2147483647;
			files = (
			);
			inputPaths = (
			);
			name = "[CP] Check Pods Manifest.lock";
			outputPaths = (
			);
			runOnlyForDeploymentPostprocessing = 0;
			shellPath = /bin/sh;
			shellScript = "diff \"${PODS_ROOT}/../Podfile.lock\" \"${PODS_ROOT}/Manifest.lock\" > /dev/null\nif [ $? != 0 ] ; then\n    # print error to STDERR\n    echo \"error: The sandbox is not in sync with the Podfile.lock. Run 'pod install' or update your CocoaPods installation.\" >&2\n    exit 1\nfi\n";
			showEnvVarsInLog = 0;
		};
		7B61B19D00B45FFB8132F15F /* [CP] Embed Pods Frameworks */ = {
			isa = PBXShellScriptBuildPhase;
			buildActionMask = 2147483647;
			files = (
			);
			inputPaths = (
			);
			name = "[CP] Embed Pods Frameworks";
			outputPaths = (
			);
			runOnlyForDeploymentPostprocessing = 0;
			shellPath = /bin/sh;
			shellScript = "\"${SRCROOT}/../Pods/Target Support Files/Pods-Prodigal/Pods-Prodigal-frameworks.sh\"\n";
			showEnvVarsInLog = 0;
		};
		F0E31037DF5FEE898148D6CE /* [CP] Copy Pods Resources */ = {
			isa = PBXShellScriptBuildPhase;
			buildActionMask = 2147483647;
			files = (
			);
			inputPaths = (
			);
			name = "[CP] Copy Pods Resources";
			outputPaths = (
			);
			runOnlyForDeploymentPostprocessing = 0;
			shellPath = /bin/sh;
			shellScript = "\"${SRCROOT}/../Pods/Target Support Files/Pods-Prodigal/Pods-Prodigal-resources.sh\"\n";
			showEnvVarsInLog = 0;
		};
/* End PBXShellScriptBuildPhase section */

/* Begin PBXSourcesBuildPhase section */
		01B0F20D1E56E3840081B237 /* Sources */ = {
			isa = PBXSourcesBuildPhase;
			buildActionMask = 2147483647;
			files = (
				01B0F2171E56E3840081B237 /* ViewController.swift in Sources */,
				01B0F22C1E56F0240081B237 /* WheelRecognizer.swift in Sources */,
				01B0F2151E56E3840081B237 /* AppDelegate.swift in Sources */,
				01B0F22A1E56EFE80081B237 /* WheelView.swift in Sources */,
				01B0F21D1E56E3840081B237 /* Prodigal.xcdatamodeld in Sources */,
			);
			runOnlyForDeploymentPostprocessing = 0;
		};
/* End PBXSourcesBuildPhase section */

/* Begin PBXVariantGroup section */
		01B0F2181E56E3840081B237 /* Main.storyboard */ = {
			isa = PBXVariantGroup;
			children = (
				01B0F2191E56E3840081B237 /* Base */,
			);
			name = Main.storyboard;
			sourceTree = "<group>";
		};
		01B0F2201E56E3840081B237 /* LaunchScreen.storyboard */ = {
			isa = PBXVariantGroup;
			children = (
				01B0F2211E56E3840081B237 /* Base */,
			);
			name = LaunchScreen.storyboard;
			sourceTree = "<group>";
		};
/* End PBXVariantGroup section */

/* Begin XCBuildConfiguration section */
		01B0F2241E56E3840081B237 /* Debug */ = {
			isa = XCBuildConfiguration;
			buildSettings = {
				ALWAYS_SEARCH_USER_PATHS = NO;
				CLANG_ANALYZER_NONNULL = YES;
				CLANG_CXX_LANGUAGE_STANDARD = "gnu++0x";
				CLANG_CXX_LIBRARY = "libc++";
				CLANG_ENABLE_MODULES = YES;
				CLANG_ENABLE_OBJC_ARC = YES;
				CLANG_WARN_BOOL_CONVERSION = YES;
				CLANG_WARN_CONSTANT_CONVERSION = YES;
				CLANG_WARN_DIRECT_OBJC_ISA_USAGE = YES_ERROR;
				CLANG_WARN_DOCUMENTATION_COMMENTS = YES;
				CLANG_WARN_EMPTY_BODY = YES;
				CLANG_WARN_ENUM_CONVERSION = YES;
				CLANG_WARN_INFINITE_RECURSION = YES;
				CLANG_WARN_INT_CONVERSION = YES;
				CLANG_WARN_OBJC_ROOT_CLASS = YES_ERROR;
				CLANG_WARN_SUSPICIOUS_MOVE = YES;
				CLANG_WARN_UNREACHABLE_CODE = YES;
				CLANG_WARN__DUPLICATE_METHOD_MATCH = YES;
				"CODE_SIGN_IDENTITY[sdk=iphoneos*]" = "iPhone Developer";
				COPY_PHASE_STRIP = NO;
				DEBUG_INFORMATION_FORMAT = dwarf;
				ENABLE_STRICT_OBJC_MSGSEND = YES;
				ENABLE_TESTABILITY = YES;
				GCC_C_LANGUAGE_STANDARD = gnu99;
				GCC_DYNAMIC_NO_PIC = NO;
				GCC_NO_COMMON_BLOCKS = YES;
				GCC_OPTIMIZATION_LEVEL = 0;
				GCC_PREPROCESSOR_DEFINITIONS = (
					"DEBUG=1",
					"$(inherited)",
				);
				GCC_WARN_64_TO_32_BIT_CONVERSION = YES;
				GCC_WARN_ABOUT_RETURN_TYPE = YES_ERROR;
				GCC_WARN_UNDECLARED_SELECTOR = YES;
				GCC_WARN_UNINITIALIZED_AUTOS = YES_AGGRESSIVE;
				GCC_WARN_UNUSED_FUNCTION = YES;
				GCC_WARN_UNUSED_VARIABLE = YES;
				IPHONEOS_DEPLOYMENT_TARGET = 10.2;
				MTL_ENABLE_DEBUG_INFO = YES;
				ONLY_ACTIVE_ARCH = YES;
				SDKROOT = iphoneos;
				SWIFT_ACTIVE_COMPILATION_CONDITIONS = DEBUG;
				SWIFT_OPTIMIZATION_LEVEL = "-Onone";
			};
			name = Debug;
		};
		01B0F2251E56E3840081B237 /* Release */ = {
			isa = XCBuildConfiguration;
			buildSettings = {
				ALWAYS_SEARCH_USER_PATHS = NO;
				CLANG_ANALYZER_NONNULL = YES;
				CLANG_CXX_LANGUAGE_STANDARD = "gnu++0x";
				CLANG_CXX_LIBRARY = "libc++";
				CLANG_ENABLE_MODULES = YES;
				CLANG_ENABLE_OBJC_ARC = YES;
				CLANG_WARN_BOOL_CONVERSION = YES;
				CLANG_WARN_CONSTANT_CONVERSION = YES;
				CLANG_WARN_DIRECT_OBJC_ISA_USAGE = YES_ERROR;
				CLANG_WARN_DOCUMENTATION_COMMENTS = YES;
				CLANG_WARN_EMPTY_BODY = YES;
				CLANG_WARN_ENUM_CONVERSION = YES;
				CLANG_WARN_INFINITE_RECURSION = YES;
				CLANG_WARN_INT_CONVERSION = YES;
				CLANG_WARN_OBJC_ROOT_CLASS = YES_ERROR;
				CLANG_WARN_SUSPICIOUS_MOVE = YES;
				CLANG_WARN_UNREACHABLE_CODE = YES;
				CLANG_WARN__DUPLICATE_METHOD_MATCH = YES;
				"CODE_SIGN_IDENTITY[sdk=iphoneos*]" = "iPhone Developer";
				COPY_PHASE_STRIP = NO;
				DEBUG_INFORMATION_FORMAT = "dwarf-with-dsym";
				ENABLE_NS_ASSERTIONS = NO;
				ENABLE_STRICT_OBJC_MSGSEND = YES;
				GCC_C_LANGUAGE_STANDARD = gnu99;
				GCC_NO_COMMON_BLOCKS = YES;
				GCC_WARN_64_TO_32_BIT_CONVERSION = YES;
				GCC_WARN_ABOUT_RETURN_TYPE = YES_ERROR;
				GCC_WARN_UNDECLARED_SELECTOR = YES;
				GCC_WARN_UNINITIALIZED_AUTOS = YES_AGGRESSIVE;
				GCC_WARN_UNUSED_FUNCTION = YES;
				GCC_WARN_UNUSED_VARIABLE = YES;
				IPHONEOS_DEPLOYMENT_TARGET = 10.2;
				MTL_ENABLE_DEBUG_INFO = NO;
				SDKROOT = iphoneos;
				SWIFT_OPTIMIZATION_LEVEL = "-Owholemodule";
				VALIDATE_PRODUCT = YES;
			};
			name = Release;
		};
		01B0F2271E56E3840081B237 /* Debug */ = {
			isa = XCBuildConfiguration;
			baseConfigurationReference = 44DF25B542E00CA8714ADCAA /* Pods-Prodigal.debug.xcconfig */;
			buildSettings = {
				ASSETCATALOG_COMPILER_APPICON_NAME = AppIcon;
				DEVELOPMENT_TEAM = UMW2HP56AU;
				INFOPLIST_FILE = Prodigal/Info.plist;
				LD_RUNPATH_SEARCH_PATHS = "$(inherited) @executable_path/Frameworks";
				PRODUCT_BUNDLE_IDENTIFIER = bob.sun.bender;
				PRODUCT_NAME = "$(TARGET_NAME)";
				SWIFT_VERSION = 3.0;
			};
			name = Debug;
		};
		01B0F2281E56E3840081B237 /* Release */ = {
			isa = XCBuildConfiguration;
			baseConfigurationReference = 85143C72199005B173785D1A /* Pods-Prodigal.release.xcconfig */;
			buildSettings = {
				ASSETCATALOG_COMPILER_APPICON_NAME = AppIcon;
				DEVELOPMENT_TEAM = UMW2HP56AU;
				INFOPLIST_FILE = Prodigal/Info.plist;
				LD_RUNPATH_SEARCH_PATHS = "$(inherited) @executable_path/Frameworks";
				PRODUCT_BUNDLE_IDENTIFIER = bob.sun.bender;
				PRODUCT_NAME = "$(TARGET_NAME)";
				SWIFT_VERSION = 3.0;
			};
			name = Release;
		};
/* End XCBuildConfiguration section */

/* Begin XCConfigurationList section */
		01B0F20C1E56E3840081B237 /* Build configuration list for PBXProject "Prodigal" */ = {
			isa = XCConfigurationList;
			buildConfigurations = (
				01B0F2241E56E3840081B237 /* Debug */,
				01B0F2251E56E3840081B237 /* Release */,
			);
			defaultConfigurationIsVisible = 0;
			defaultConfigurationName = Release;
		};
		01B0F2261E56E3840081B237 /* Build configuration list for PBXNativeTarget "Prodigal" */ = {
			isa = XCConfigurationList;
			buildConfigurations = (
				01B0F2271E56E3840081B237 /* Debug */,
				01B0F2281E56E3840081B237 /* Release */,
			);
			defaultConfigurationIsVisible = 0;
			defaultConfigurationName = Release;
		};
/* End XCConfigurationList section */

/* Begin XCVersionGroup section */
		01B0F21B1E56E3840081B237 /* Prodigal.xcdatamodeld */ = {
			isa = XCVersionGroup;
			children = (
				01B0F21C1E56E3840081B237 /* Prodigal.xcdatamodel */,
			);
			currentVersion = 01B0F21C1E56E3840081B237 /* Prodigal.xcdatamodel */;
			path = Prodigal.xcdatamodeld;
			sourceTree = "<group>";
			versionGroupType = wrapper.xcdatamodel;
		};
/* End XCVersionGroup section */
	};
	rootObject = 01B0F2091E56E3840081B237 /* Project object */;
}
