// !$*UTF8*$!
{
	archiveVersion = 1;
	classes = {
	};
	objectVersion = 46;
	objects = {

/* Begin PBXBuildFile section */
		010732101EA9ED120005F664 /* ProdigalMediaItem.swift in Sources */ = {isa = PBXBuildFile; fileRef = 0107320F1EA9ED120005F664 /* ProdigalMediaItem.swift */; };
		0112CCA91E8B902E000F810D /* UIImage+Blur.swift in Sources */ = {isa = PBXBuildFile; fileRef = 0112CCA81E8B902E000F810D /* UIImage+Blur.swift */; };
		011504761E63DE9600C4AC86 /* InfoCenterHelper.swift in Sources */ = {isa = PBXBuildFile; fileRef = 011504751E63DE9600C4AC86 /* InfoCenterHelper.swift */; };
		011A8A2B1E64135800D998C7 /* NowPlayingViewController.swift in Sources */ = {isa = PBXBuildFile; fileRef = 011A8A2A1E64135800D998C7 /* NowPlayingViewController.swift */; };
		011BC0631E890A1000484BC9 /* ViewController+WheelViewDelegate.swift in Sources */ = {isa = PBXBuildFile; fileRef = 011BC0621E890A1000484BC9 /* ViewController+WheelViewDelegate.swift */; };
		011BC8961E655329004F94B7 /* AlbumGalleryLayout.m in Sources */ = {isa = PBXBuildFile; fileRef = 011BC8951E655329004F94B7 /* AlbumGalleryLayout.m */; };
		011BC8981E65537F004F94B7 /* AlbumGalleryViewController.swift in Sources */ = {isa = PBXBuildFile; fileRef = 011BC8971E65537F004F94B7 /* AlbumGalleryViewController.swift */; };
		015E4A991E5D7C1E007A7C3F /* MediaLibrary.swift in Sources */ = {isa = PBXBuildFile; fileRef = 015E4A981E5D7C1E007A7C3F /* MediaLibrary.swift */; };
		015E4A9B1E5E9CC5007A7C3F /* TwoPanelListViewController.swift in Sources */ = {isa = PBXBuildFile; fileRef = 015E4A9A1E5E9CC5007A7C3F /* TwoPanelListViewController.swift */; };
		015E4A9D1E5E9CE9007A7C3F /* ViewController.swift in Sources */ = {isa = PBXBuildFile; fileRef = 015E4A9C1E5E9CE9007A7C3F /* ViewController.swift */; };
		015E4A9F1E5E9E22007A7C3F /* MenuMeta.swift in Sources */ = {isa = PBXBuildFile; fileRef = 015E4A9E1E5E9E22007A7C3F /* MenuMeta.swift */; };
		015E4AA11E5ECE66007A7C3F /* TickableViewController.swift in Sources */ = {isa = PBXBuildFile; fileRef = 015E4AA01E5ECE66007A7C3F /* TickableViewController.swift */; };
		015E4AA31E5ED4DC007A7C3F /* ListViewController.swift in Sources */ = {isa = PBXBuildFile; fileRef = 015E4AA21E5ED4DC007A7C3F /* ListViewController.swift */; };
		019AEE251E8AAC1200E10047 /* UIBezierPath+Polygon.swift in Sources */ = {isa = PBXBuildFile; fileRef = 019AEE241E8AAC1200E10047 /* UIBezierPath+Polygon.swift */; };
		01B0F2151E56E3840081B237 /* AppDelegate.swift in Sources */ = {isa = PBXBuildFile; fileRef = 01B0F2141E56E3840081B237 /* AppDelegate.swift */; };
		01B0F21A1E56E3840081B237 /* Main.storyboard in Resources */ = {isa = PBXBuildFile; fileRef = 01B0F2181E56E3840081B237 /* Main.storyboard */; };
		01B0F21D1E56E3840081B237 /* Prodigal.xcdatamodeld in Sources */ = {isa = PBXBuildFile; fileRef = 01B0F21B1E56E3840081B237 /* Prodigal.xcdatamodeld */; };
		01B0F21F1E56E3840081B237 /* Assets.xcassets in Resources */ = {isa = PBXBuildFile; fileRef = 01B0F21E1E56E3840081B237 /* Assets.xcassets */; };
		01B0F2221E56E3840081B237 /* LaunchScreen.storyboard in Resources */ = {isa = PBXBuildFile; fileRef = 01B0F2201E56E3840081B237 /* LaunchScreen.storyboard */; };
		01B0F22A1E56EFE80081B237 /* WheelView.swift in Sources */ = {isa = PBXBuildFile; fileRef = 01B0F2291E56EFE80081B237 /* WheelView.swift */; };
		01B0F22C1E56F0240081B237 /* WheelRecognizer.swift in Sources */ = {isa = PBXBuildFile; fileRef = 01B0F22B1E56F0240081B237 /* WheelRecognizer.swift */; };
		01B0F2331E56F7140081B237 /* AVFoundation.framework in Frameworks */ = {isa = PBXBuildFile; fileRef = 01B0F22E1E56F7140081B237 /* AVFoundation.framework */; };
		01B0F2341E56F7140081B237 /* MediaAccessibility.framework in Frameworks */ = {isa = PBXBuildFile; fileRef = 01B0F22F1E56F7140081B237 /* MediaAccessibility.framework */; };
		01B0F2351E56F7140081B237 /* MediaPlayer.framework in Frameworks */ = {isa = PBXBuildFile; fileRef = 01B0F2301E56F7140081B237 /* MediaPlayer.framework */; };
		01B0F2361E56F7140081B237 /* MediaToolbox.framework in Frameworks */ = {isa = PBXBuildFile; fileRef = 01B0F2311E56F7140081B237 /* MediaToolbox.framework */; };
		01B19E031EAF134E00EABB1F /* AboutView.swift in Sources */ = {isa = PBXBuildFile; fileRef = 01B19E021EAF134E00EABB1F /* AboutView.swift */; };
		01B19E051EAF255F00EABB1F /* AboutView.xib in Resources */ = {isa = PBXBuildFile; fileRef = 01B19E041EAF255F00EABB1F /* AboutView.xib */; };
		01BE71F01EB2ED4500902CB1 /* Intro.storyboard in Resources */ = {isa = PBXBuildFile; fileRef = 01BE71EF1EB2ED4500902CB1 /* Intro.storyboard */; };
		01BE71F21EB2EDBF00902CB1 /* IntroViewController.swift in Sources */ = {isa = PBXBuildFile; fileRef = 01BE71F11EB2EDBF00902CB1 /* IntroViewController.swift */; };
		01CAB3031E5BF90F001B93C7 /* CardView.swift in Sources */ = {isa = PBXBuildFile; fileRef = 01CAB3021E5BF90F001B93C7 /* CardView.swift */; };
		01CAB30B1E5C0C2D001B93C7 /* Theme.swift in Sources */ = {isa = PBXBuildFile; fileRef = 01CAB30A1E5C0C2D001B93C7 /* Theme.swift */; };
		01CAB3121E5C0F17001B93C7 /* ThemeManager.swift in Sources */ = {isa = PBXBuildFile; fileRef = 01CAB3111E5C0F17001B93C7 /* ThemeManager.swift */; };
		01CAB3161E5C13C6001B93C7 /* Configs in Resources */ = {isa = PBXBuildFile; fileRef = 01CAB3151E5C13C6001B93C7 /* Configs */; };
		01D391C51E7A8D6C0070855D /* QuartzCore.framework in Frameworks */ = {isa = PBXBuildFile; fileRef = 01D391C41E7A8D6C0070855D /* QuartzCore.framework */; };
		01D3DC801E5C2DBA00B425F9 /* UIColor+Hex.swift in Sources */ = {isa = PBXBuildFile; fileRef = 01D3DC7F1E5C2DBA00B425F9 /* UIColor+Hex.swift */; };
		01D3DC821E5C31A500B425F9 /* AppSettings.swift in Sources */ = {isa = PBXBuildFile; fileRef = 01D3DC811E5C31A500B425F9 /* AppSettings.swift */; };
		01E7FE841E768FFB00B505C0 /* PubSub.swift in Sources */ = {isa = PBXBuildFile; fileRef = 01E7FE831E768FFB00B505C0 /* PubSub.swift */; };
		01F87CCE1E77C7120005BE9F /* PlayerTicker.swift in Sources */ = {isa = PBXBuildFile; fileRef = 01F87CCD1E77C7120005BE9F /* PlayerTicker.swift */; };
		35570E087BF9195A91302EFD /* Pods_Prodigal.framework in Frameworks */ = {isa = PBXBuildFile; fileRef = 09AE8643FAB11221327F290B /* Pods_Prodigal.framework */; };
		444632B721AD581A0030A26A /* Constants.swift in Sources */ = {isa = PBXBuildFile; fileRef = 444632B621AD581A0030A26A /* Constants.swift */; };
		446F714921CA08F8008A0DC8 /* SeekView.swift in Sources */ = {isa = PBXBuildFile; fileRef = 446F714821CA08F8008A0DC8 /* SeekView.swift */; };
		44A66F5E22198B4300ADE519 /* Localizable.strings in Resources */ = {isa = PBXBuildFile; fileRef = 44A66F6022198B4300ADE519 /* Localizable.strings */; };
		44A66F64221993EF00ADE519 /* GoogleService-Info.plist in Resources */ = {isa = PBXBuildFile; fileRef = 44A66F63221993EF00ADE519 /* GoogleService-Info.plist */; };
/* End PBXBuildFile section */

/* Begin PBXFileReference section */
		0107320F1EA9ED120005F664 /* ProdigalMediaItem.swift */ = {isa = PBXFileReference; fileEncoding = 4; lastKnownFileType = sourcecode.swift; name = ProdigalMediaItem.swift; path = Models/ProdigalMediaItem.swift; sourceTree = "<group>"; };
		0112CCA81E8B902E000F810D /* UIImage+Blur.swift */ = {isa = PBXFileReference; fileEncoding = 4; lastKnownFileType = sourcecode.swift; name = "UIImage+Blur.swift"; path = "Extensions/UIImage+Blur.swift"; sourceTree = "<group>"; };
		011504751E63DE9600C4AC86 /* InfoCenterHelper.swift */ = {isa = PBXFileReference; fileEncoding = 4; lastKnownFileType = sourcecode.swift; name = InfoCenterHelper.swift; path = Utils/InfoCenterHelper.swift; sourceTree = "<group>"; };
		011A8A2A1E64135800D998C7 /* NowPlayingViewController.swift */ = {isa = PBXFileReference; fileEncoding = 4; lastKnownFileType = sourcecode.swift; name = NowPlayingViewController.swift; path = Controllers/NowPlayingViewController.swift; sourceTree = "<group>"; };
		011BC0621E890A1000484BC9 /* ViewController+WheelViewDelegate.swift */ = {isa = PBXFileReference; fileEncoding = 4; lastKnownFileType = sourcecode.swift; path = "ViewController+WheelViewDelegate.swift"; sourceTree = "<group>"; };
		011BC8931E655329004F94B7 /* Prodigal-Bridging-Header.h */ = {isa = PBXFileReference; lastKnownFileType = sourcecode.c.h; path = "Prodigal-Bridging-Header.h"; sourceTree = "<group>"; };
		011BC8941E655329004F94B7 /* AlbumGalleryLayout.h */ = {isa = PBXFileReference; fileEncoding = 4; lastKnownFileType = sourcecode.c.h; name = AlbumGalleryLayout.h; path = Vendor/YRCoverFlowLayout/AlbumGalleryLayout.h; sourceTree = "<group>"; };
		011BC8951E655329004F94B7 /* AlbumGalleryLayout.m */ = {isa = PBXFileReference; fileEncoding = 4; lastKnownFileType = sourcecode.c.objc; name = AlbumGalleryLayout.m; path = Vendor/YRCoverFlowLayout/AlbumGalleryLayout.m; sourceTree = "<group>"; };
		011BC8971E65537F004F94B7 /* AlbumGalleryViewController.swift */ = {isa = PBXFileReference; fileEncoding = 4; lastKnownFileType = sourcecode.swift; name = AlbumGalleryViewController.swift; path = Controllers/AlbumGalleryViewController.swift; sourceTree = "<group>"; };
		015E4A981E5D7C1E007A7C3F /* MediaLibrary.swift */ = {isa = PBXFileReference; fileEncoding = 4; lastKnownFileType = sourcecode.swift; name = MediaLibrary.swift; path = Models/MediaLibrary.swift; sourceTree = "<group>"; };
		015E4A9A1E5E9CC5007A7C3F /* TwoPanelListViewController.swift */ = {isa = PBXFileReference; fileEncoding = 4; lastKnownFileType = sourcecode.swift; name = TwoPanelListViewController.swift; path = Controllers/TwoPanelListViewController.swift; sourceTree = "<group>"; };
		015E4A9C1E5E9CE9007A7C3F /* ViewController.swift */ = {isa = PBXFileReference; fileEncoding = 4; lastKnownFileType = sourcecode.swift; name = ViewController.swift; path = Controllers/ViewController.swift; sourceTree = "<group>"; };
		015E4A9E1E5E9E22007A7C3F /* MenuMeta.swift */ = {isa = PBXFileReference; fileEncoding = 4; lastKnownFileType = sourcecode.swift; name = MenuMeta.swift; path = Models/MenuMeta.swift; sourceTree = "<group>"; };
		015E4AA01E5ECE66007A7C3F /* TickableViewController.swift */ = {isa = PBXFileReference; fileEncoding = 4; lastKnownFileType = sourcecode.swift; name = TickableViewController.swift; path = Controllers/TickableViewController.swift; sourceTree = "<group>"; };
		015E4AA21E5ED4DC007A7C3F /* ListViewController.swift */ = {isa = PBXFileReference; fileEncoding = 4; lastKnownFileType = sourcecode.swift; name = ListViewController.swift; path = Controllers/ListViewController.swift; sourceTree = "<group>"; };
		015E4AA41E60090F007A7C3F /* AVKit.framework */ = {isa = PBXFileReference; lastKnownFileType = wrapper.framework; name = AVKit.framework; path = System/Library/Frameworks/AVKit.framework; sourceTree = SDKROOT; };
		015E4AA61E60225C007A7C3F /* Haneke.framework */ = {isa = PBXFileReference; lastKnownFileType = wrapper.framework; name = Haneke.framework; path = "../../../Library/Developer/Xcode/DerivedData/Prodigal-bjfbwmgpljymdjczauqhptusmoll/Build/Products/Debug-iphoneos/HanekeSwift/Haneke.framework"; sourceTree = "<group>"; };
		019AEE241E8AAC1200E10047 /* UIBezierPath+Polygon.swift */ = {isa = PBXFileReference; fileEncoding = 4; lastKnownFileType = sourcecode.swift; name = "UIBezierPath+Polygon.swift"; path = "Extensions/UIBezierPath+Polygon.swift"; sourceTree = "<group>"; };
		01B0F2111E56E3840081B237 /* Prodigal.app */ = {isa = PBXFileReference; explicitFileType = wrapper.application; includeInIndex = 0; path = Prodigal.app; sourceTree = BUILT_PRODUCTS_DIR; };
		01B0F2141E56E3840081B237 /* AppDelegate.swift */ = {isa = PBXFileReference; lastKnownFileType = sourcecode.swift; path = AppDelegate.swift; sourceTree = "<group>"; };
		01B0F2191E56E3840081B237 /* Base */ = {isa = PBXFileReference; lastKnownFileType = file.storyboard; name = Base; path = Base.lproj/Main.storyboard; sourceTree = "<group>"; };
		01B0F21C1E56E3840081B237 /* Prodigal.xcdatamodel */ = {isa = PBXFileReference; lastKnownFileType = wrapper.xcdatamodel; path = Prodigal.xcdatamodel; sourceTree = "<group>"; };
		01B0F21E1E56E3840081B237 /* Assets.xcassets */ = {isa = PBXFileReference; lastKnownFileType = folder.assetcatalog; path = Assets.xcassets; sourceTree = "<group>"; };
		01B0F2211E56E3840081B237 /* Base */ = {isa = PBXFileReference; lastKnownFileType = file.storyboard; name = Base; path = Base.lproj/LaunchScreen.storyboard; sourceTree = "<group>"; };
		01B0F2231E56E3840081B237 /* Info.plist */ = {isa = PBXFileReference; lastKnownFileType = text.plist.xml; path = Info.plist; sourceTree = "<group>"; };
		01B0F2291E56EFE80081B237 /* WheelView.swift */ = {isa = PBXFileReference; fileEncoding = 4; lastKnownFileType = sourcecode.swift; name = WheelView.swift; path = Views/WheelView.swift; sourceTree = "<group>"; };
		01B0F22B1E56F0240081B237 /* WheelRecognizer.swift */ = {isa = PBXFileReference; fileEncoding = 4; lastKnownFileType = sourcecode.swift; name = WheelRecognizer.swift; path = Gestures/WheelRecognizer.swift; sourceTree = "<group>"; };
		01B0F22D1E56F7140081B237 /* AudioToolbox.framework */ = {isa = PBXFileReference; lastKnownFileType = wrapper.framework; name = AudioToolbox.framework; path = System/Library/Frameworks/AudioToolbox.framework; sourceTree = SDKROOT; };
		01B0F22E1E56F7140081B237 /* AVFoundation.framework */ = {isa = PBXFileReference; lastKnownFileType = wrapper.framework; name = AVFoundation.framework; path = System/Library/Frameworks/AVFoundation.framework; sourceTree = SDKROOT; };
		01B0F22F1E56F7140081B237 /* MediaAccessibility.framework */ = {isa = PBXFileReference; lastKnownFileType = wrapper.framework; name = MediaAccessibility.framework; path = System/Library/Frameworks/MediaAccessibility.framework; sourceTree = SDKROOT; };
		01B0F2301E56F7140081B237 /* MediaPlayer.framework */ = {isa = PBXFileReference; lastKnownFileType = wrapper.framework; name = MediaPlayer.framework; path = System/Library/Frameworks/MediaPlayer.framework; sourceTree = SDKROOT; };
		01B0F2311E56F7140081B237 /* MediaToolbox.framework */ = {isa = PBXFileReference; lastKnownFileType = wrapper.framework; name = MediaToolbox.framework; path = System/Library/Frameworks/MediaToolbox.framework; sourceTree = SDKROOT; };
		01B19E021EAF134E00EABB1F /* AboutView.swift */ = {isa = PBXFileReference; fileEncoding = 4; lastKnownFileType = sourcecode.swift; name = AboutView.swift; path = Controllers/AboutView.swift; sourceTree = "<group>"; };
		01B19E041EAF255F00EABB1F /* AboutView.xib */ = {isa = PBXFileReference; fileEncoding = 4; lastKnownFileType = file.xib; name = AboutView.xib; path = Views/AboutView.xib; sourceTree = "<group>"; };
		01BE71EF1EB2ED4500902CB1 /* Intro.storyboard */ = {isa = PBXFileReference; fileEncoding = 4; lastKnownFileType = file.storyboard; name = Intro.storyboard; path = Views/Intro.storyboard; sourceTree = "<group>"; };
		01BE71F11EB2EDBF00902CB1 /* IntroViewController.swift */ = {isa = PBXFileReference; fileEncoding = 4; lastKnownFileType = sourcecode.swift; name = IntroViewController.swift; path = Controllers/IntroViewController.swift; sourceTree = "<group>"; };
		01CAB3021E5BF90F001B93C7 /* CardView.swift */ = {isa = PBXFileReference; fileEncoding = 4; lastKnownFileType = sourcecode.swift; name = CardView.swift; path = Views/CardView.swift; sourceTree = "<group>"; };
		01CAB30A1E5C0C2D001B93C7 /* Theme.swift */ = {isa = PBXFileReference; fileEncoding = 4; lastKnownFileType = sourcecode.swift; name = Theme.swift; path = Utils/Theme.swift; sourceTree = "<group>"; };
		01CAB3111E5C0F17001B93C7 /* ThemeManager.swift */ = {isa = PBXFileReference; fileEncoding = 4; lastKnownFileType = sourcecode.swift; name = ThemeManager.swift; path = Utils/ThemeManager.swift; sourceTree = "<group>"; };
		01CAB3151E5C13C6001B93C7 /* Configs */ = {isa = PBXFileReference; lastKnownFileType = folder; name = Configs; path = Prodigal/Configs; sourceTree = "<group>"; };
		01D391C41E7A8D6C0070855D /* QuartzCore.framework */ = {isa = PBXFileReference; lastKnownFileType = wrapper.framework; name = QuartzCore.framework; path = System/Library/Frameworks/QuartzCore.framework; sourceTree = SDKROOT; };
		01D3DC7F1E5C2DBA00B425F9 /* UIColor+Hex.swift */ = {isa = PBXFileReference; fileEncoding = 4; lastKnownFileType = sourcecode.swift; name = "UIColor+Hex.swift"; path = "Extensions/UIColor+Hex.swift"; sourceTree = "<group>"; };
		01D3DC811E5C31A500B425F9 /* AppSettings.swift */ = {isa = PBXFileReference; fileEncoding = 4; lastKnownFileType = sourcecode.swift; name = AppSettings.swift; path = Utils/AppSettings.swift; sourceTree = "<group>"; };
		01E7FE831E768FFB00B505C0 /* PubSub.swift */ = {isa = PBXFileReference; fileEncoding = 4; lastKnownFileType = sourcecode.swift; name = PubSub.swift; path = Utils/PubSub.swift; sourceTree = "<group>"; };
		01F87CCD1E77C7120005BE9F /* PlayerTicker.swift */ = {isa = PBXFileReference; fileEncoding = 4; lastKnownFileType = sourcecode.swift; name = PlayerTicker.swift; path = Utils/PlayerTicker.swift; sourceTree = "<group>"; };
		09AE8643FAB11221327F290B /* Pods_Prodigal.framework */ = {isa = PBXFileReference; explicitFileType = wrapper.framework; includeInIndex = 0; path = Pods_Prodigal.framework; sourceTree = BUILT_PRODUCTS_DIR; };
		444632B621AD581A0030A26A /* Constants.swift */ = {isa = PBXFileReference; lastKnownFileType = sourcecode.swift; name = Constants.swift; path = Utils/Constants.swift; sourceTree = "<group>"; };
		446F714821CA08F8008A0DC8 /* SeekView.swift */ = {isa = PBXFileReference; lastKnownFileType = sourcecode.swift; path = SeekView.swift; sourceTree = "<group>"; };
		446F714B21CA4DD8008A0DC8 /* en */ = {isa = PBXFileReference; lastKnownFileType = text.plist.strings; name = en; path = en.lproj/Main.strings; sourceTree = "<group>"; };
		446F714C21CA4EEF008A0DC8 /* zh-Hans */ = {isa = PBXFileReference; lastKnownFileType = text.plist.strings; name = "zh-Hans"; path = "zh-Hans.lproj/LaunchScreen.strings"; sourceTree = "<group>"; };
		446F714D21CA4EF0008A0DC8 /* zh-Hans */ = {isa = PBXFileReference; lastKnownFileType = text.plist.strings; name = "zh-Hans"; path = "zh-Hans.lproj/Main.strings"; sourceTree = "<group>"; };
		44A66F5F22198B4300ADE519 /* zh-Hans */ = {isa = PBXFileReference; lastKnownFileType = text.plist.strings; name = "zh-Hans"; path = "zh-Hans.lproj/Localizable.strings"; sourceTree = "<group>"; };
		44A66F63221993EF00ADE519 /* GoogleService-Info.plist */ = {isa = PBXFileReference; fileEncoding = 4; lastKnownFileType = text.plist.xml; path = "GoogleService-Info.plist"; sourceTree = "<group>"; };
		44DF25B542E00CA8714ADCAA /* Pods-Prodigal.debug.xcconfig */ = {isa = PBXFileReference; includeInIndex = 1; lastKnownFileType = text.xcconfig; name = "Pods-Prodigal.debug.xcconfig"; path = "../Pods/Target Support Files/Pods-Prodigal/Pods-Prodigal.debug.xcconfig"; sourceTree = "<group>"; };
		85143C72199005B173785D1A /* Pods-Prodigal.release.xcconfig */ = {isa = PBXFileReference; includeInIndex = 1; lastKnownFileType = text.xcconfig; name = "Pods-Prodigal.release.xcconfig"; path = "../Pods/Target Support Files/Pods-Prodigal/Pods-Prodigal.release.xcconfig"; sourceTree = "<group>"; };
/* End PBXFileReference section */

/* Begin PBXFrameworksBuildPhase section */
		01B0F20E1E56E3840081B237 /* Frameworks */ = {
			isa = PBXFrameworksBuildPhase;
			buildActionMask = 2147483647;
			files = (
				01D391C51E7A8D6C0070855D /* QuartzCore.framework in Frameworks */,
				01B0F2331E56F7140081B237 /* AVFoundation.framework in Frameworks */,
				01B0F2341E56F7140081B237 /* MediaAccessibility.framework in Frameworks */,
				01B0F2351E56F7140081B237 /* MediaPlayer.framework in Frameworks */,
				01B0F2361E56F7140081B237 /* MediaToolbox.framework in Frameworks */,
				35570E087BF9195A91302EFD /* Pods_Prodigal.framework in Frameworks */,
			);
			runOnlyForDeploymentPostprocessing = 0;
		};
/* End PBXFrameworksBuildPhase section */

/* Begin PBXGroup section */
		011BC8921E655265004F94B7 /* Vendor */ = {
			isa = PBXGroup;
			children = (
				011BC8941E655329004F94B7 /* AlbumGalleryLayout.h */,
				011BC8951E655329004F94B7 /* AlbumGalleryLayout.m */,
			);
			name = Vendor;
			sourceTree = "<group>";
		};
		015E4A951E5D7BFD007A7C3F /* Models */ = {
			isa = PBXGroup;
			children = (
				015E4A981E5D7C1E007A7C3F /* MediaLibrary.swift */,
				015E4A9E1E5E9E22007A7C3F /* MenuMeta.swift */,
				0107320F1EA9ED120005F664 /* ProdigalMediaItem.swift */,
			);
			name = Models;
			sourceTree = "<group>";
		};
		01B0F2081E56E3840081B237 = {
			isa = PBXGroup;
			children = (
				01CAB3151E5C13C6001B93C7 /* Configs */,
				01B0F2131E56E3840081B237 /* Prodigal */,
				01B0F2121E56E3840081B237 /* Products */,
				6AD679580D4F09BC350D84F4 /* Pods */,
				661FEAC269A9EED3691CCC7B /* Frameworks */,
			);
			sourceTree = "<group>";
		};
		01B0F2121E56E3840081B237 /* Products */ = {
			isa = PBXGroup;
			children = (
				01B0F2111E56E3840081B237 /* Prodigal.app */,
			);
			name = Products;
			sourceTree = "<group>";
		};
		01B0F2131E56E3840081B237 /* Prodigal */ = {
			isa = PBXGroup;
			children = (
				44A66F63221993EF00ADE519 /* GoogleService-Info.plist */,
				44A66F6022198B4300ADE519 /* Localizable.strings */,
				015E4A951E5D7BFD007A7C3F /* Models */,
				01D3DC7E1E5C2D9A00B425F9 /* Extensions */,
				01B0F2141E56E3840081B237 /* AppDelegate.swift */,
				01CAB3071E5C0BED001B93C7 /* Controllers */,
				01CAB3061E5C0BE3001B93C7 /* Support */,
				01CAB3051E5C0BD2001B93C7 /* Gestures */,
				01CAB3091E5C0C04001B93C7 /* Utils */,
				01CAB3041E5C0BBE001B93C7 /* Views */,
				011BC8921E655265004F94B7 /* Vendor */,
			);
			path = Prodigal;
			sourceTree = "<group>";
		};
		01CAB3041E5C0BBE001B93C7 /* Views */ = {
			isa = PBXGroup;
			children = (
				01B0F2181E56E3840081B237 /* Main.storyboard */,
				01B0F2291E56EFE80081B237 /* WheelView.swift */,
				01CAB3021E5BF90F001B93C7 /* CardView.swift */,
				01B19E041EAF255F00EABB1F /* AboutView.xib */,
				01BE71EF1EB2ED4500902CB1 /* Intro.storyboard */,
				446F714821CA08F8008A0DC8 /* SeekView.swift */,
			);
			name = Views;
			sourceTree = "<group>";
		};
		01CAB3051E5C0BD2001B93C7 /* Gestures */ = {
			isa = PBXGroup;
			children = (
				01B0F22B1E56F0240081B237 /* WheelRecognizer.swift */,
			);
			name = Gestures;
			sourceTree = "<group>";
		};
		01CAB3061E5C0BE3001B93C7 /* Support */ = {
			isa = PBXGroup;
			children = (
				011BC8931E655329004F94B7 /* Prodigal-Bridging-Header.h */,
				01B0F21E1E56E3840081B237 /* Assets.xcassets */,
				01B0F2201E56E3840081B237 /* LaunchScreen.storyboard */,
				01B0F2231E56E3840081B237 /* Info.plist */,
				01B0F21B1E56E3840081B237 /* Prodigal.xcdatamodeld */,
			);
			name = Support;
			sourceTree = "<group>";
		};
		01CAB3071E5C0BED001B93C7 /* Controllers */ = {
			isa = PBXGroup;
			children = (
				015E4A9C1E5E9CE9007A7C3F /* ViewController.swift */,
				015E4A9A1E5E9CC5007A7C3F /* TwoPanelListViewController.swift */,
				015E4AA01E5ECE66007A7C3F /* TickableViewController.swift */,
				015E4AA21E5ED4DC007A7C3F /* ListViewController.swift */,
				011A8A2A1E64135800D998C7 /* NowPlayingViewController.swift */,
				011BC8971E65537F004F94B7 /* AlbumGalleryViewController.swift */,
				01B19E021EAF134E00EABB1F /* AboutView.swift */,
				01BE71F11EB2EDBF00902CB1 /* IntroViewController.swift */,
			);
			name = Controllers;
			sourceTree = "<group>";
		};
		01CAB3091E5C0C04001B93C7 /* Utils */ = {
			isa = PBXGroup;
			children = (
				01CAB30A1E5C0C2D001B93C7 /* Theme.swift */,
				01CAB3111E5C0F17001B93C7 /* ThemeManager.swift */,
				01D3DC811E5C31A500B425F9 /* AppSettings.swift */,
				011504751E63DE9600C4AC86 /* InfoCenterHelper.swift */,
				01E7FE831E768FFB00B505C0 /* PubSub.swift */,
				01F87CCD1E77C7120005BE9F /* PlayerTicker.swift */,
				444632B621AD581A0030A26A /* Constants.swift */,
			);
			name = Utils;
			sourceTree = "<group>";
		};
		01D3DC7E1E5C2D9A00B425F9 /* Extensions */ = {
			isa = PBXGroup;
			children = (
				01D3DC7F1E5C2DBA00B425F9 /* UIColor+Hex.swift */,
				011BC0621E890A1000484BC9 /* ViewController+WheelViewDelegate.swift */,
				019AEE241E8AAC1200E10047 /* UIBezierPath+Polygon.swift */,
				0112CCA81E8B902E000F810D /* UIImage+Blur.swift */,
			);
			name = Extensions;
			sourceTree = "<group>";
		};
		661FEAC269A9EED3691CCC7B /* Frameworks */ = {
			isa = PBXGroup;
			children = (
				01D391C41E7A8D6C0070855D /* QuartzCore.framework */,
				015E4AA61E60225C007A7C3F /* Haneke.framework */,
				015E4AA41E60090F007A7C3F /* AVKit.framework */,
				01B0F22D1E56F7140081B237 /* AudioToolbox.framework */,
				01B0F22E1E56F7140081B237 /* AVFoundation.framework */,
				01B0F22F1E56F7140081B237 /* MediaAccessibility.framework */,
				01B0F2301E56F7140081B237 /* MediaPlayer.framework */,
				01B0F2311E56F7140081B237 /* MediaToolbox.framework */,
				09AE8643FAB11221327F290B /* Pods_Prodigal.framework */,
			);
			name = Frameworks;
			sourceTree = "<group>";
		};
		6AD679580D4F09BC350D84F4 /* Pods */ = {
			isa = PBXGroup;
			children = (
				44DF25B542E00CA8714ADCAA /* Pods-Prodigal.debug.xcconfig */,
				85143C72199005B173785D1A /* Pods-Prodigal.release.xcconfig */,
			);
			name = Pods;
			sourceTree = "<group>";
		};
/* End PBXGroup section */

/* Begin PBXNativeTarget section */
		01B0F2101E56E3840081B237 /* Prodigal */ = {
			isa = PBXNativeTarget;
			buildConfigurationList = 01B0F2261E56E3840081B237 /* Build configuration list for PBXNativeTarget "Prodigal" */;
			buildPhases = (
				68BBF80DBCB2C06C23487EB8 /* [CP] Check Pods Manifest.lock */,
				01B0F20D1E56E3840081B237 /* Sources */,
				01B0F20E1E56E3840081B237 /* Frameworks */,
				01B0F20F1E56E3840081B237 /* Resources */,
				7B61B19D00B45FFB8132F15F /* [CP] Embed Pods Frameworks */,
			);
			buildRules = (
			);
			dependencies = (
			);
			name = Prodigal;
			productName = Prodigal;
			productReference = 01B0F2111E56E3840081B237 /* Prodigal.app */;
			productType = "com.apple.product-type.application";
		};
/* End PBXNativeTarget section */

/* Begin PBXProject section */
		01B0F2091E56E3840081B237 /* Project object */ = {
			isa = PBXProject;
			attributes = {
				LastSwiftUpdateCheck = 0820;
				LastUpgradeCheck = 1000;
				ORGANIZATIONNAME = bob.sun;
				TargetAttributes = {
					01B0F2101E56E3840081B237 = {
						CreatedOnToolsVersion = 8.2;
						DevelopmentTeam = UMW2HP56AU;
						LastSwiftMigration = 1000;
						ProvisioningStyle = Automatic;
						SystemCapabilities = {
							com.apple.BackgroundModes = {
								enabled = 1;
							};
						};
					};
				};
			};
			buildConfigurationList = 01B0F20C1E56E3840081B237 /* Build configuration list for PBXProject "Prodigal" */;
			compatibilityVersion = "Xcode 3.2";
			developmentRegion = English;
			hasScannedForEncodings = 0;
			knownRegions = (
				en,
				Base,
			);
			mainGroup = 01B0F2081E56E3840081B237;
			productRefGroup = 01B0F2121E56E3840081B237 /* Products */;
			projectDirPath = "";
			projectRoot = "";
			targets = (
				01B0F2101E56E3840081B237 /* Prodigal */,
			);
		};
/* End PBXProject section */

/* Begin PBXResourcesBuildPhase section */
		01B0F20F1E56E3840081B237 /* Resources */ = {
			isa = PBXResourcesBuildPhase;
			buildActionMask = 2147483647;
			files = (
				01B19E051EAF255F00EABB1F /* AboutView.xib in Resources */,
				44A66F64221993EF00ADE519 /* GoogleService-Info.plist in Resources */,
				01CAB3161E5C13C6001B93C7 /* Configs in Resources */,
				01B0F2221E56E3840081B237 /* LaunchScreen.storyboard in Resources */,
				01B0F21F1E56E3840081B237 /* Assets.xcassets in Resources */,
				01B0F21A1E56E3840081B237 /* Main.storyboard in Resources */,
				44A66F5E22198B4300ADE519 /* Localizable.strings in Resources */,
				01BE71F01EB2ED4500902CB1 /* Intro.storyboard in Resources */,
			);
			runOnlyForDeploymentPostprocessing = 0;
		};
/* End PBXResourcesBuildPhase section */

/* Begin PBXShellScriptBuildPhase section */
		68BBF80DBCB2C06C23487EB8 /* [CP] Check Pods Manifest.lock */ = {
			isa = PBXShellScriptBuildPhase;
			buildActionMask = 2147483647;
			files = (
			);
			inputPaths = (
				"${PODS_PODFILE_DIR_PATH}/Podfile.lock",
				"${PODS_ROOT}/Manifest.lock",
			);
			name = "[CP] Check Pods Manifest.lock";
			outputPaths = (
				"$(DERIVED_FILE_DIR)/Pods-Prodigal-checkManifestLockResult.txt",
			);
			runOnlyForDeploymentPostprocessing = 0;
			shellPath = /bin/sh;
			shellScript = "diff \"${PODS_PODFILE_DIR_PATH}/Podfile.lock\" \"${PODS_ROOT}/Manifest.lock\" > /dev/null\nif [ $? != 0 ] ; then\n    # print error to STDERR\n    echo \"error: The sandbox is not in sync with the Podfile.lock. Run 'pod install' or update your CocoaPods installation.\" >&2\n    exit 1\nfi\n# This output is used by Xcode 'outputs' to avoid re-running this script phase.\necho \"SUCCESS\" > \"${SCRIPT_OUTPUT_FILE_0}\"\n";
			showEnvVarsInLog = 0;
		};
		7B61B19D00B45FFB8132F15F /* [CP] Embed Pods Frameworks */ = {
			isa = PBXShellScriptBuildPhase;
			buildActionMask = 2147483647;
			files = (
			);
			inputPaths = (
				"${SRCROOT}/../Pods/Target Support Files/Pods-Prodigal/Pods-Prodigal-frameworks.sh",
				"${BUILT_PRODUCTS_DIR}/GoogleUtilities/GoogleUtilities.framework",
				"${BUILT_PRODUCTS_DIR}/Haneke/Haneke.framework",
				"${BUILT_PRODUCTS_DIR}/Holophonor/Holophonor.framework",
				"${BUILT_PRODUCTS_DIR}/Koloda/Koloda.framework",
				"${BUILT_PRODUCTS_DIR}/MarqueeLabel/MarqueeLabel.framework",
				"${BUILT_PRODUCTS_DIR}/RxAtomic/RxAtomic.framework",
				"${BUILT_PRODUCTS_DIR}/RxCocoa/RxCocoa.framework",
				"${BUILT_PRODUCTS_DIR}/RxSwift/RxSwift.framework",
				"${BUILT_PRODUCTS_DIR}/SnapKit/SnapKit.framework",
				"${BUILT_PRODUCTS_DIR}/Toast-Swift/Toast_Swift.framework",
				"${BUILT_PRODUCTS_DIR}/nanopb/nanopb.framework",
				"${BUILT_PRODUCTS_DIR}/pop/pop.framework",
			);
			name = "[CP] Embed Pods Frameworks";
			outputPaths = (
				"${TARGET_BUILD_DIR}/${FRAMEWORKS_FOLDER_PATH}/GoogleUtilities.framework",
				"${TARGET_BUILD_DIR}/${FRAMEWORKS_FOLDER_PATH}/Haneke.framework",
				"${TARGET_BUILD_DIR}/${FRAMEWORKS_FOLDER_PATH}/Holophonor.framework",
				"${TARGET_BUILD_DIR}/${FRAMEWORKS_FOLDER_PATH}/Koloda.framework",
				"${TARGET_BUILD_DIR}/${FRAMEWORKS_FOLDER_PATH}/MarqueeLabel.framework",
				"${TARGET_BUILD_DIR}/${FRAMEWORKS_FOLDER_PATH}/RxAtomic.framework",
				"${TARGET_BUILD_DIR}/${FRAMEWORKS_FOLDER_PATH}/RxCocoa.framework",
				"${TARGET_BUILD_DIR}/${FRAMEWORKS_FOLDER_PATH}/RxSwift.framework",
				"${TARGET_BUILD_DIR}/${FRAMEWORKS_FOLDER_PATH}/SnapKit.framework",
				"${TARGET_BUILD_DIR}/${FRAMEWORKS_FOLDER_PATH}/Toast_Swift.framework",
				"${TARGET_BUILD_DIR}/${FRAMEWORKS_FOLDER_PATH}/nanopb.framework",
				"${TARGET_BUILD_DIR}/${FRAMEWORKS_FOLDER_PATH}/pop.framework",
			);
			runOnlyForDeploymentPostprocessing = 0;
			shellPath = /bin/sh;
			shellScript = "\"${SRCROOT}/../Pods/Target Support Files/Pods-Prodigal/Pods-Prodigal-frameworks.sh\"\n";
			showEnvVarsInLog = 0;
		};
/* End PBXShellScriptBuildPhase section */

/* Begin PBXSourcesBuildPhase section */
		01B0F20D1E56E3840081B237 /* Sources */ = {
			isa = PBXSourcesBuildPhase;
			buildActionMask = 2147483647;
			files = (
				01B0F22C1E56F0240081B237 /* WheelRecognizer.swift in Sources */,
				01B0F2151E56E3840081B237 /* AppDelegate.swift in Sources */,
				015E4A991E5D7C1E007A7C3F /* MediaLibrary.swift in Sources */,
				015E4A9B1E5E9CC5007A7C3F /* TwoPanelListViewController.swift in Sources */,
				01E7FE841E768FFB00B505C0 /* PubSub.swift in Sources */,
				015E4A9F1E5E9E22007A7C3F /* MenuMeta.swift in Sources */,
				01B19E031EAF134E00EABB1F /* AboutView.swift in Sources */,
				01D3DC801E5C2DBA00B425F9 /* UIColor+Hex.swift in Sources */,
				010732101EA9ED120005F664 /* ProdigalMediaItem.swift in Sources */,
				01CAB30B1E5C0C2D001B93C7 /* Theme.swift in Sources */,
				011A8A2B1E64135800D998C7 /* NowPlayingViewController.swift in Sources */,
				444632B721AD581A0030A26A /* Constants.swift in Sources */,
				015E4AA11E5ECE66007A7C3F /* TickableViewController.swift in Sources */,
				015E4AA31E5ED4DC007A7C3F /* ListViewController.swift in Sources */,
				011BC8981E65537F004F94B7 /* AlbumGalleryViewController.swift in Sources */,
				015E4A9D1E5E9CE9007A7C3F /* ViewController.swift in Sources */,
				446F714921CA08F8008A0DC8 /* SeekView.swift in Sources */,
				01B0F22A1E56EFE80081B237 /* WheelView.swift in Sources */,
				01CAB3031E5BF90F001B93C7 /* CardView.swift in Sources */,
				01B0F21D1E56E3840081B237 /* Prodigal.xcdatamodeld in Sources */,
				01BE71F21EB2EDBF00902CB1 /* IntroViewController.swift in Sources */,
				0112CCA91E8B902E000F810D /* UIImage+Blur.swift in Sources */,
				01F87CCE1E77C7120005BE9F /* PlayerTicker.swift in Sources */,
				011BC0631E890A1000484BC9 /* ViewController+WheelViewDelegate.swift in Sources */,
				01D3DC821E5C31A500B425F9 /* AppSettings.swift in Sources */,
				011504761E63DE9600C4AC86 /* InfoCenterHelper.swift in Sources */,
				011BC8961E655329004F94B7 /* AlbumGalleryLayout.m in Sources */,
				01CAB3121E5C0F17001B93C7 /* ThemeManager.swift in Sources */,
				019AEE251E8AAC1200E10047 /* UIBezierPath+Polygon.swift in Sources */,
			);
			runOnlyForDeploymentPostprocessing = 0;
		};
/* End PBXSourcesBuildPhase section */

/* Begin PBXVariantGroup section */
		01B0F2181E56E3840081B237 /* Main.storyboard */ = {
			isa = PBXVariantGroup;
			children = (
				01B0F2191E56E3840081B237 /* Base */,
				446F714B21CA4DD8008A0DC8 /* en */,
				446F714D21CA4EF0008A0DC8 /* zh-Hans */,
			);
			name = Main.storyboard;
			sourceTree = "<group>";
		};
		01B0F2201E56E3840081B237 /* LaunchScreen.storyboard */ = {
			isa = PBXVariantGroup;
			children = (
				01B0F2211E56E3840081B237 /* Base */,
				446F714C21CA4EEF008A0DC8 /* zh-Hans */,
			);
			name = LaunchScreen.storyboard;
			sourceTree = "<group>";
		};
		44A66F6022198B4300ADE519 /* Localizable.strings */ = {
			isa = PBXVariantGroup;
			children = (
				44A66F5F22198B4300ADE519 /* zh-Hans */,
			);
			name = Localizable.strings;
			sourceTree = "<group>";
		};
/* End PBXVariantGroup section */

/* Begin XCBuildConfiguration section */
		01B0F2241E56E3840081B237 /* Debug */ = {
			isa = XCBuildConfiguration;
			buildSettings = {
				ALWAYS_SEARCH_USER_PATHS = NO;
				CLANG_ANALYZER_LOCALIZABILITY_NONLOCALIZED = YES;
				CLANG_ANALYZER_NONNULL = YES;
				CLANG_CXX_LANGUAGE_STANDARD = "gnu++0x";
				CLANG_CXX_LIBRARY = "libc++";
				CLANG_ENABLE_MODULES = YES;
				CLANG_ENABLE_OBJC_ARC = YES;
				CLANG_WARN_BLOCK_CAPTURE_AUTORELEASING = YES;
				CLANG_WARN_BOOL_CONVERSION = YES;
				CLANG_WARN_COMMA = YES;
				CLANG_WARN_CONSTANT_CONVERSION = YES;
				CLANG_WARN_DEPRECATED_OBJC_IMPLEMENTATIONS = YES;
				CLANG_WARN_DIRECT_OBJC_ISA_USAGE = YES_ERROR;
				CLANG_WARN_DOCUMENTATION_COMMENTS = YES;
				CLANG_WARN_EMPTY_BODY = YES;
				CLANG_WARN_ENUM_CONVERSION = YES;
				CLANG_WARN_INFINITE_RECURSION = YES;
				CLANG_WARN_INT_CONVERSION = YES;
				CLANG_WARN_NON_LITERAL_NULL_CONVERSION = YES;
				CLANG_WARN_OBJC_IMPLICIT_RETAIN_SELF = YES;
				CLANG_WARN_OBJC_LITERAL_CONVERSION = YES;
				CLANG_WARN_OBJC_ROOT_CLASS = YES_ERROR;
				CLANG_WARN_RANGE_LOOP_ANALYSIS = YES;
				CLANG_WARN_STRICT_PROTOTYPES = YES;
				CLANG_WARN_SUSPICIOUS_MOVE = YES;
				CLANG_WARN_UNREACHABLE_CODE = YES;
				CLANG_WARN__DUPLICATE_METHOD_MATCH = YES;
				"CODE_SIGN_IDENTITY[sdk=iphoneos*]" = "iPhone Developer";
				COPY_PHASE_STRIP = NO;
				DEBUG_INFORMATION_FORMAT = dwarf;
				ENABLE_STRICT_OBJC_MSGSEND = YES;
				ENABLE_TESTABILITY = YES;
				GCC_C_LANGUAGE_STANDARD = gnu99;
				GCC_DYNAMIC_NO_PIC = NO;
				GCC_NO_COMMON_BLOCKS = YES;
				GCC_OPTIMIZATION_LEVEL = 0;
				GCC_PREPROCESSOR_DEFINITIONS = (
					"DEBUG=1",
					"$(inherited)",
				);
				GCC_WARN_64_TO_32_BIT_CONVERSION = YES;
				GCC_WARN_ABOUT_RETURN_TYPE = YES_ERROR;
				GCC_WARN_UNDECLARED_SELECTOR = YES;
				GCC_WARN_UNINITIALIZED_AUTOS = YES_AGGRESSIVE;
				GCC_WARN_UNUSED_FUNCTION = YES;
				GCC_WARN_UNUSED_VARIABLE = YES;
				IPHONEOS_DEPLOYMENT_TARGET = 10.2;
				MTL_ENABLE_DEBUG_INFO = YES;
				ONLY_ACTIVE_ARCH = YES;
				SDKROOT = iphoneos;
				SWIFT_ACTIVE_COMPILATION_CONDITIONS = DEBUG;
				SWIFT_OPTIMIZATION_LEVEL = "-Onone";
			};
			name = Debug;
		};
		01B0F2251E56E3840081B237 /* Release */ = {
			isa = XCBuildConfiguration;
			buildSettings = {
				ALWAYS_SEARCH_USER_PATHS = NO;
				CLANG_ANALYZER_LOCALIZABILITY_NONLOCALIZED = YES;
				CLANG_ANALYZER_NONNULL = YES;
				CLANG_CXX_LANGUAGE_STANDARD = "gnu++0x";
				CLANG_CXX_LIBRARY = "libc++";
				CLANG_ENABLE_MODULES = YES;
				CLANG_ENABLE_OBJC_ARC = YES;
				CLANG_WARN_BLOCK_CAPTURE_AUTORELEASING = YES;
				CLANG_WARN_BOOL_CONVERSION = YES;
				CLANG_WARN_COMMA = YES;
				CLANG_WARN_CONSTANT_CONVERSION = YES;
				CLANG_WARN_DEPRECATED_OBJC_IMPLEMENTATIONS = YES;
				CLANG_WARN_DIRECT_OBJC_ISA_USAGE = YES_ERROR;
				CLANG_WARN_DOCUMENTATION_COMMENTS = YES;
				CLANG_WARN_EMPTY_BODY = YES;
				CLANG_WARN_ENUM_CONVERSION = YES;
				CLANG_WARN_INFINITE_RECURSION = YES;
				CLANG_WARN_INT_CONVERSION = YES;
				CLANG_WARN_NON_LITERAL_NULL_CONVERSION = YES;
				CLANG_WARN_OBJC_IMPLICIT_RETAIN_SELF = YES;
				CLANG_WARN_OBJC_LITERAL_CONVERSION = YES;
				CLANG_WARN_OBJC_ROOT_CLASS = YES_ERROR;
				CLANG_WARN_RANGE_LOOP_ANALYSIS = YES;
				CLANG_WARN_STRICT_PROTOTYPES = YES;
				CLANG_WARN_SUSPICIOUS_MOVE = YES;
				CLANG_WARN_UNREACHABLE_CODE = YES;
				CLANG_WARN__DUPLICATE_METHOD_MATCH = YES;
				"CODE_SIGN_IDENTITY[sdk=iphoneos*]" = "iPhone Developer";
				COPY_PHASE_STRIP = NO;
				DEBUG_INFORMATION_FORMAT = "dwarf-with-dsym";
				ENABLE_NS_ASSERTIONS = NO;
				ENABLE_STRICT_OBJC_MSGSEND = YES;
				GCC_C_LANGUAGE_STANDARD = gnu99;
				GCC_NO_COMMON_BLOCKS = YES;
				GCC_WARN_64_TO_32_BIT_CONVERSION = YES;
				GCC_WARN_ABOUT_RETURN_TYPE = YES_ERROR;
				GCC_WARN_UNDECLARED_SELECTOR = YES;
				GCC_WARN_UNINITIALIZED_AUTOS = YES_AGGRESSIVE;
				GCC_WARN_UNUSED_FUNCTION = YES;
				GCC_WARN_UNUSED_VARIABLE = YES;
				IPHONEOS_DEPLOYMENT_TARGET = 10.2;
				MTL_ENABLE_DEBUG_INFO = NO;
				SDKROOT = iphoneos;
				SWIFT_OPTIMIZATION_LEVEL = "-Owholemodule";
				VALIDATE_PRODUCT = YES;
			};
			name = Release;
		};
		01B0F2271E56E3840081B237 /* Debug */ = {
			isa = XCBuildConfiguration;
			baseConfigurationReference = 44DF25B542E00CA8714ADCAA /* Pods-Prodigal.debug.xcconfig */;
			buildSettings = {
				ASSETCATALOG_COMPILER_APPICON_NAME = AppIcon;
				CLANG_ENABLE_MODULES = YES;
				DEBUG_INFORMATION_FORMAT = "dwarf-with-dsym";
				DEVELOPMENT_TEAM = UMW2HP56AU;
				INFOPLIST_FILE = Prodigal/Info.plist;
				IPHONEOS_DEPLOYMENT_TARGET = 10.2;
				LD_RUNPATH_SEARCH_PATHS = "$(inherited) @executable_path/Frameworks";
				PRODUCT_BUNDLE_IDENTIFIER = sun.bob.bender;
				PRODUCT_NAME = "$(TARGET_NAME)";
				SWIFT_OBJC_BRIDGING_HEADER = "Prodigal/Prodigal-Bridging-Header.h";
				SWIFT_OPTIMIZATION_LEVEL = "-Onone";
				SWIFT_SWIFT3_OBJC_INFERENCE = On;
				SWIFT_VERSION = 4.2;
			};
			name = Debug;
		};
		01B0F2281E56E3840081B237 /* Release */ = {
			isa = XCBuildConfiguration;
			baseConfigurationReference = 85143C72199005B173785D1A /* Pods-Prodigal.release.xcconfig */;
			buildSettings = {
				ASSETCATALOG_COMPILER_APPICON_NAME = AppIcon;
				CLANG_ENABLE_MODULES = YES;
				DEVELOPMENT_TEAM = UMW2HP56AU;
				INFOPLIST_FILE = Prodigal/Info.plist;
				IPHONEOS_DEPLOYMENT_TARGET = 10.2;
				LD_RUNPATH_SEARCH_PATHS = "$(inherited) @executable_path/Frameworks";
				PRODUCT_BUNDLE_IDENTIFIER = sun.bob.bender;
				PRODUCT_NAME = "$(TARGET_NAME)";
				SWIFT_OBJC_BRIDGING_HEADER = "Prodigal/Prodigal-Bridging-Header.h";
				SWIFT_SWIFT3_OBJC_INFERENCE = On;
				SWIFT_VERSION = 4.2;
			};
			name = Release;
		};
/* End XCBuildConfiguration section */

/* Begin XCConfigurationList section */
		01B0F20C1E56E3840081B237 /* Build configuration list for PBXProject "Prodigal" */ = {
			isa = XCConfigurationList;
			buildConfigurations = (
				01B0F2241E56E3840081B237 /* Debug */,
				01B0F2251E56E3840081B237 /* Release */,
			);
			defaultConfigurationIsVisible = 0;
			defaultConfigurationName = Release;
		};
		01B0F2261E56E3840081B237 /* Build configuration list for PBXNativeTarget "Prodigal" */ = {
			isa = XCConfigurationList;
			buildConfigurations = (
				01B0F2271E56E3840081B237 /* Debug */,
				01B0F2281E56E3840081B237 /* Release */,
			);
			defaultConfigurationIsVisible = 0;
			defaultConfigurationName = Release;
		};
/* End XCConfigurationList section */

/* Begin XCVersionGroup section */
		01B0F21B1E56E3840081B237 /* Prodigal.xcdatamodeld */ = {
			isa = XCVersionGroup;
			children = (
				01B0F21C1E56E3840081B237 /* Prodigal.xcdatamodel */,
			);
			currentVersion = 01B0F21C1E56E3840081B237 /* Prodigal.xcdatamodel */;
			path = Prodigal.xcdatamodeld;
			sourceTree = "<group>";
			versionGroupType = wrapper.xcdatamodel;
		};
/* End XCVersionGroup section */
	};
	rootObject = 01B0F2091E56E3840081B237 /* Project object */;
}
